
Microsoft Visual Studio Solution File, Format Version 12.00
# Visual Studio Version 17
VisualStudioVersion = 17.8.34309.116
MinimumVisualStudioVersion = 10.0.40219.1
Project("{9A19103F-16F7-4668-BE54-9A1E7A4F7556}") = "FabianSoto_Lab4", "FabianSoto_Lab4.csproj", "{C1606931-DC6C-48D1-989F-7DBAC2C6AD6B}"
EndProject
Global
	GlobalSection(SolutionConfigurationPlatforms) = preSolution
		Debug|Any CPU = Debug|Any CPU
		Release|Any CPU = Release|Any CPU
	EndGlobalSection
	GlobalSection(ProjectConfigurationPlatforms) = postSolution
		{C1606931-DC6C-48D1-989F-7DBAC2C6AD6B}.Debug|Any CPU.ActiveCfg = Debug|Any CPU
		{C1606931-DC6C-48D1-989F-7DBAC2C6AD6B}.Debug|Any CPU.Build.0 = Debug|Any CPU
		{C1606931-DC6C-48D1-989F-7DBAC2C6AD6B}.Release|Any CPU.ActiveCfg = Release|Any CPU
		{C1606931-DC6C-48D1-989F-7DBAC2C6AD6B}.Release|Any CPU.Build.0 = Release|Any CPU
	EndGlobalSection
	GlobalSection(SolutionProperties) = preSolution
		HideSolutionNode = FALSE
	EndGlobalSection
	GlobalSection(ExtensibilityGlobals) = postSolution
		SolutionGuid = {06E9CA2B-3966-46B3-9D0F-BC715D0C4242}
	EndGlobalSection
EndGlobal
